
Microsoft Visual Studio Solution File, Format Version 12.00
# Visual Studio Version 17
VisualStudioVersion = 17.10.35013.160
MinimumVisualStudioVersion = 10.0.40219.1
Project("{FAE04EC0-301F-11D3-BF4B-00C04F79EFBC}") = "ChefApi", "ChefApi\ChefApi.csproj", "{32AAD4AD-70EB-4E03-8195-D7B8098D610A}"
EndProject
Global
	GlobalSection(SolutionConfigurationPlatforms) = preSolution
		Debug|Any CPU = Debug|Any CPU
		Release|Any CPU = Release|Any CPU
	EndGlobalSection
	GlobalSection(ProjectConfigurationPlatforms) = postSolution
		{32AAD4AD-70EB-4E03-8195-D7B8098D610A}.Debug|Any CPU.ActiveCfg = Debug|Any CPU
		{32AAD4AD-70EB-4E03-8195-D7B8098D610A}.Debug|Any CPU.Build.0 = Debug|Any CPU
		{32AAD4AD-70EB-4E03-8195-D7B8098D610A}.Release|Any CPU.ActiveCfg = Release|Any CPU
		{32AAD4AD-70EB-4E03-8195-D7B8098D610A}.Release|Any CPU.Build.0 = Release|Any CPU
	EndGlobalSection
	GlobalSection(SolutionProperties) = preSolution
		HideSolutionNode = FALSE
	EndGlobalSection
	GlobalSection(ExtensibilityGlobals) = postSolution
		SolutionGuid = {F3533A21-A44F-4F67-A704-42E384A7C6FC}
	EndGlobalSection
EndGlobal
